{
  "name": "pickbits-newsletter",
  "version": "0.1.0",
  "lockfileVersion": 3,
  "requires": true,
  "packages": {
    "": {
      "name": "pickbits-newsletter",
      "version": "0.1.0",
      "license": "Apache-2.0",
      "dependencies": {
        "nodemailer": "10.0.16"
      },
      "bin": {
        "newsletter": "bin/newsletter.mjs"
      },
      "engines": {
        "node": ">=22"
      }
    },
    "node_modules/nodemailer": {
      "version": "10.0.16",
      "resolved": "https://registry.npmjs.org/nodemailer/-/nodemailer-10.0.16.tgz",
      "integrity": "sha512-VL9xKErxN+el77o8eBOuYKUPMyEx7F9hfnDCuiUKJRp9v3wnWMOudYgP/SWbwSHy8rUL4cylobuXtki1LpQS7A==",
      "license": "MIT-0",
      "engines": {
        "node": ">=20.0.0"
      }
    }
  }
}
